
Microsoft Visual Studio Solution File, Format Version 12.00
# Visual Studio Version 17
VisualStudioVersion = 17.4.33103.184
MinimumVisualStudioVersion = 10.0.40219.1
Project("{9A19103F-16F7-4668-BE54-9A1E7A4F7556}") = "PVRP", "PVRP\PVRP.csproj", "{F7839E54-58A2-406C-B8C9-B8504502D152}"
EndProject
Project("{9A19103F-16F7-4668-BE54-9A1E7A4F7556}") = "PVRPSolver", "PVRPSolver\PVRPSolver.csproj", "{5E2E5D2F-E0CD-47EF-ACC0-59D186FD4A03}"
EndProject
Project("{FAE04EC0-301F-11D3-BF4B-00C04F79EFBC}") = "WebInterface", "WebInterface\WebInterface.csproj", "{B447520D-9314-4584-BC73-48D36BCD4FAA}"
EndProject
Global
	GlobalSection(SolutionConfigurationPlatforms) = preSolution
		Debug|Any CPU = Debug|Any CPU
		Release|Any CPU = Release|Any CPU
	EndGlobalSection
	GlobalSection(ProjectConfigurationPlatforms) = postSolution
		{F7839E54-58A2-406C-B8C9-B8504502D152}.Debug|Any CPU.ActiveCfg = Debug|Any CPU
		{F7839E54-58A2-406C-B8C9-B8504502D152}.Debug|Any CPU.Build.0 = Debug|Any CPU
		{F7839E54-58A2-406C-B8C9-B8504502D152}.Release|Any CPU.ActiveCfg = Release|Any CPU
		{F7839E54-58A2-406C-B8C9-B8504502D152}.Release|Any CPU.Build.0 = Release|Any CPU
		{5E2E5D2F-E0CD-47EF-ACC0-59D186FD4A03}.Debug|Any CPU.ActiveCfg = Debug|Any CPU
		{5E2E5D2F-E0CD-47EF-ACC0-59D186FD4A03}.Debug|Any CPU.Build.0 = Debug|Any CPU
		{5E2E5D2F-E0CD-47EF-ACC0-59D186FD4A03}.Release|Any CPU.ActiveCfg = Release|Any CPU
		{5E2E5D2F-E0CD-47EF-ACC0-59D186FD4A03}.Release|Any CPU.Build.0 = Release|Any CPU
		{B447520D-9314-4584-BC73-48D36BCD4FAA}.Debug|Any CPU.ActiveCfg = Debug|Any CPU
		{B447520D-9314-4584-BC73-48D36BCD4FAA}.Debug|Any CPU.Build.0 = Debug|Any CPU
		{B447520D-9314-4584-BC73-48D36BCD4FAA}.Release|Any CPU.ActiveCfg = Release|Any CPU
		{B447520D-9314-4584-BC73-48D36BCD4FAA}.Release|Any CPU.Build.0 = Release|Any CPU
	EndGlobalSection
	GlobalSection(SolutionProperties) = preSolution
		HideSolutionNode = FALSE
	EndGlobalSection
	GlobalSection(ExtensibilityGlobals) = postSolution
		SolutionGuid = {B11440D6-B98E-4819-85FE-D15368C9F950}
	EndGlobalSection
EndGlobal
